# This file was autogenerated by Stack.
# You should not edit this file by hand.
# For more information, please see the documentation at:
#   https://docs.haskellstack.org/en/stable/lock_files

packages:
- completed:
    hackage: HDBC-postgresql-2.5.0.1@sha256:37bb911cd996d12c91fa711002877f32f91bcc488de76d85a05865c3af9dc580,3032
    pantry-tree:
      sha256: bb1e349a28844e59ed36e1a3963cd6946e57f5e39244a6d36397d6291d68a138
      size: 1611
  original:
    hackage: HDBC-postgresql-2.5.0.1
- completed:
    hackage: warp-3.3.24@sha256:03e12e3702ab41dfe066d56ca0d653002ac5e72e8a864c726424a6383dcb2d06,11100
    pantry-tree:
      sha256: c691906ea4d8f9e9ed0fed5ce60a8452d5d875fffaa07c2963ffeb0422b8adea
      size: 3838
  original:
    hackage: warp-3.3.24@sha256:03e12e3702ab41dfe066d56ca0d653002ac5e72e8a864c726424a6383dcb2d06,11100
- completed:
    hackage: recv-0.1.0@sha256:04058c90ed3d2821b92e589dd3428f5a6e9d49ab405296dda3583304cb0b9bb3,1755
    pantry-tree:
      sha256: fafd5670d75a0b6ffa717f6f5002beaa85158eb0d2e7cc0c5289ff9281621ffa
      size: 585
  original:
    hackage: recv-0.1.0@sha256:04058c90ed3d2821b92e589dd3428f5a6e9d49ab405296dda3583304cb0b9bb3,1755
snapshots:
- completed:
    sha256: adbc602422dde10cc330175da7de8609e70afc41449a7e2d6e8b1827aa0e5008
    size: 649342
    url: https://raw.githubusercontent.com/commercialhaskell/stackage-snapshots/master/lts/20/11.yaml
  original:
    url: https://raw.githubusercontent.com/commercialhaskell/stackage-snapshots/master/lts/20/11.yaml
